{
  "requires": true,
  "lockfileVersion": 1,
  "dependencies": {
    "voximplant-websdk": {
      "version": "4.4.1-2027",
      "resolved": "https://registry.npmjs.org/voximplant-websdk/-/voximplant-websdk-4.4.1-2027.tgz",
      "integrity": "sha512-+zAeU1iSWg70ZtTNZTHrC5Y/oPGn3Kgc5JAGuuT8BvsmYCtHN/swcLLM2b5c6HzKvB9fb1I3VmsTRfZ6VDn01A=="
    }
  }
}
